
Microsoft Visual Studio Solution File, Format Version 12.00
# Visual Studio 15
VisualStudioVersion = 15.0.28307.489
MinimumVisualStudioVersion = 10.0.40219.1
Project("{FAE04EC0-301F-11D3-BF4B-00C04F79EFBC}") = "ProxySwitcher", "ProxySwitcher\ProxySwitcher.csproj", "{E6B8664F-3B49-4B61-972C-53BFABDA95BE}"
EndProject
Project("{2150E333-8FDC-42A3-9474-1A3956D46DE8}") = "Solution Items", "Solution Items", "{F372804A-31AA-4259-A000-E1189082E9B9}"
	ProjectSection(SolutionItems) = preProject
		Setup\Proxy Switcher PSI.aip = Setup\Proxy Switcher PSI.aip
		Setup\Proxy Switcher.aip = Setup\Proxy Switcher.aip
	EndProjectSection
EndProject
Global
	GlobalSection(SolutionConfigurationPlatforms) = preSolution
		Debug|Any CPU = Debug|Any CPU
		Release|Any CPU = Release|Any CPU
	EndGlobalSection
	GlobalSection(ProjectConfigurationPlatforms) = postSolution
		{E6B8664F-3B49-4B61-972C-53BFABDA95BE}.Debug|Any CPU.ActiveCfg = Debug|Any CPU
		{E6B8664F-3B49-4B61-972C-53BFABDA95BE}.Debug|Any CPU.Build.0 = Debug|Any CPU
		{E6B8664F-3B49-4B61-972C-53BFABDA95BE}.Release|Any CPU.ActiveCfg = Release|Any CPU
		{E6B8664F-3B49-4B61-972C-53BFABDA95BE}.Release|Any CPU.Build.0 = Release|Any CPU
	EndGlobalSection
	GlobalSection(SolutionProperties) = preSolution
		HideSolutionNode = FALSE
	EndGlobalSection
	GlobalSection(ExtensibilityGlobals) = postSolution
		SolutionGuid = {BE4D1BA9-EE97-4BF1-850E-CC17D8450096}
	EndGlobalSection
EndGlobal
